// !$*UTF8*$!
{
	archiveVersion = 1;
	classes = {
	};
	objectVersion = 50;
	objects = {

/* Begin PBXBuildFile section */
		4C55F13123BB161D009F2834 /* PPMUtil.cpp in Sources */ = {isa = PBXBuildFile; fileRef = 4C55F12F23BB161D009F2834 /* PPMUtil.cpp */; };
		4C55F13523BB1A64009F2834 /* vec3.cpp in Sources */ = {isa = PBXBuildFile; fileRef = 4C55F13323BB1A64009F2834 /* vec3.cpp */; };
		4C55F13823BB2C51009F2834 /* ray.cpp in Sources */ = {isa = PBXBuildFile; fileRef = 4C55F13623BB2C51009F2834 /* ray.cpp */; };
		4C55F13B23BB35A1009F2834 /* hitable.cpp in Sources */ = {isa = PBXBuildFile; fileRef = 4C55F13923BB35A1009F2834 /* hitable.cpp */; };
		4C55F13E23BB36E5009F2834 /* sphere.cpp in Sources */ = {isa = PBXBuildFile; fileRef = 4C55F13C23BB36E5009F2834 /* sphere.cpp */; };
		4C7B79DF23A8CA8700F7868E /* main.cpp in Sources */ = {isa = PBXBuildFile; fileRef = 4C7B79DE23A8CA8700F7868E /* main.cpp */; };
/* End PBXBuildFile section */

/* Begin PBXCopyFilesBuildPhase section */
		4C7B79D923A8CA8700F7868E /* CopyFiles */ = {
			isa = PBXCopyFilesBuildPhase;
			buildActionMask = 2147483647;
			dstPath = /usr/share/man/man1/;
			dstSubfolderSpec = 0;
			files = (
			);
			runOnlyForDeploymentPostprocessing = 1;
		};
/* End PBXCopyFilesBuildPhase section */

/* Begin PBXFileReference section */
		4C55F12F23BB161D009F2834 /* PPMUtil.cpp */ = {isa = PBXFileReference; lastKnownFileType = sourcecode.cpp.cpp; path = PPMUtil.cpp; sourceTree = "<group>"; };
		4C55F13023BB161D009F2834 /* PPMUtil.hpp */ = {isa = PBXFileReference; lastKnownFileType = sourcecode.cpp.h; path = PPMUtil.hpp; sourceTree = "<group>"; };
		4C55F13323BB1A64009F2834 /* vec3.cpp */ = {isa = PBXFileReference; lastKnownFileType = sourcecode.cpp.cpp; path = vec3.cpp; sourceTree = "<group>"; };
		4C55F13423BB1A64009F2834 /* vec3.hpp */ = {isa = PBXFileReference; lastKnownFileType = sourcecode.cpp.h; path = vec3.hpp; sourceTree = "<group>"; };
		4C55F13623BB2C51009F2834 /* ray.cpp */ = {isa = PBXFileReference; lastKnownFileType = sourcecode.cpp.cpp; path = ray.cpp; sourceTree = "<group>"; };
		4C55F13723BB2C51009F2834 /* ray.hpp */ = {isa = PBXFileReference; lastKnownFileType = sourcecode.cpp.h; path = ray.hpp; sourceTree = "<group>"; };
		4C55F13923BB35A1009F2834 /* hitable.cpp */ = {isa = PBXFileReference; lastKnownFileType = sourcecode.cpp.cpp; path = hitable.cpp; sourceTree = "<group>"; };
		4C55F13A23BB35A1009F2834 /* hitable.hpp */ = {isa = PBXFileReference; lastKnownFileType = sourcecode.cpp.h; path = hitable.hpp; sourceTree = "<group>"; };
		4C55F13C23BB36E5009F2834 /* sphere.cpp */ = {isa = PBXFileReference; lastKnownFileType = sourcecode.cpp.cpp; path = sphere.cpp; sourceTree = "<group>"; };
		4C55F13D23BB36E5009F2834 /* sphere.hpp */ = {isa = PBXFileReference; lastKnownFileType = sourcecode.cpp.h; path = sphere.hpp; sourceTree = "<group>"; };
		4C7B79DB23A8CA8700F7868E /* RayTracingInAWeekend */ = {isa = PBXFileReference; explicitFileType = "compiled.mach-o.executable"; includeInIndex = 0; path = RayTracingInAWeekend; sourceTree = BUILT_PRODUCTS_DIR; };
		4C7B79DE23A8CA8700F7868E /* main.cpp */ = {isa = PBXFileReference; lastKnownFileType = sourcecode.cpp.cpp; path = main.cpp; sourceTree = "<group>"; };
/* End PBXFileReference section */

/* Begin PBXFrameworksBuildPhase section */
		4C7B79D823A8CA8700F7868E /* Frameworks */ = {
			isa = PBXFrameworksBuildPhase;
			buildActionMask = 2147483647;
			files = (
			);
			runOnlyForDeploymentPostprocessing = 0;
		};
/* End PBXFrameworksBuildPhase section */

/* Begin PBXGroup section */
		4C55F12E23BB160A009F2834 /* Utils */ = {
			isa = PBXGroup;
			children = (
				4C55F12F23BB161D009F2834 /* PPMUtil.cpp */,
				4C55F13023BB161D009F2834 /* PPMUtil.hpp */,
			);
			path = Utils;
			sourceTree = "<group>";
		};
		4C55F13223BB1A4C009F2834 /* Data */ = {
			isa = PBXGroup;
			children = (
				4C55F13323BB1A64009F2834 /* vec3.cpp */,
				4C55F13423BB1A64009F2834 /* vec3.hpp */,
				4C55F13623BB2C51009F2834 /* ray.cpp */,
				4C55F13723BB2C51009F2834 /* ray.hpp */,
				4C55F13923BB35A1009F2834 /* hitable.cpp */,
				4C55F13A23BB35A1009F2834 /* hitable.hpp */,
				4C55F13C23BB36E5009F2834 /* sphere.cpp */,
				4C55F13D23BB36E5009F2834 /* sphere.hpp */,
			);
			path = Data;
			sourceTree = "<group>";
		};
		4C7B79D223A8CA8700F7868E = {
			isa = PBXGroup;
			children = (
				4C7B79DD23A8CA8700F7868E /* RayTracingInAWeekend */,
				4C7B79DC23A8CA8700F7868E /* Products */,
			);
			sourceTree = "<group>";
		};
		4C7B79DC23A8CA8700F7868E /* Products */ = {
			isa = PBXGroup;
			children = (
				4C7B79DB23A8CA8700F7868E /* RayTracingInAWeekend */,
			);
			name = Products;
			sourceTree = "<group>";
		};
		4C7B79DD23A8CA8700F7868E /* RayTracingInAWeekend */ = {
			isa = PBXGroup;
			children = (
				4C55F13223BB1A4C009F2834 /* Data */,
				4C55F12E23BB160A009F2834 /* Utils */,
				4C7B79DE23A8CA8700F7868E /* main.cpp */,
			);
			path = RayTracingInAWeekend;
			sourceTree = "<group>";
		};
/* End PBXGroup section */

/* Begin PBXNativeTarget section */
		4C7B79DA23A8CA8700F7868E /* RayTracingInAWeekend */ = {
			isa = PBXNativeTarget;
			buildConfigurationList = 4C7B79E223A8CA8700F7868E /* Build configuration list for PBXNativeTarget "RayTracingInAWeekend" */;
			buildPhases = (
				4C7B79D723A8CA8700F7868E /* Sources */,
				4C7B79D823A8CA8700F7868E /* Frameworks */,
				4C7B79D923A8CA8700F7868E /* CopyFiles */,
			);
			buildRules = (
			);
			dependencies = (
			);
			name = RayTracingInAWeekend;
			productName = RayTracingInAWeekend;
			productReference = 4C7B79DB23A8CA8700F7868E /* RayTracingInAWeekend */;
			productType = "com.apple.product-type.tool";
		};
/* End PBXNativeTarget section */

/* Begin PBXProject section */
		4C7B79D323A8CA8700F7868E /* Project object */ = {
			isa = PBXProject;
			attributes = {
				LastUpgradeCheck = 1010;
				ORGANIZATIONNAME = "kid jason";
				TargetAttributes = {
					4C7B79DA23A8CA8700F7868E = {
						CreatedOnToolsVersion = 10.1;
					};
				};
			};
			buildConfigurationList = 4C7B79D623A8CA8700F7868E /* Build configuration list for PBXProject "RayTracingInAWeekend" */;
			compatibilityVersion = "Xcode 9.3";
			developmentRegion = en;
			hasScannedForEncodings = 0;
			knownRegions = (
				en,
			);
			mainGroup = 4C7B79D223A8CA8700F7868E;
			productRefGroup = 4C7B79DC23A8CA8700F7868E /* Products */;
			projectDirPath = "";
			projectRoot = "";
			targets = (
				4C7B79DA23A8CA8700F7868E /* RayTracingInAWeekend */,
			);
		};
/* End PBXProject section */

/* Begin PBXSourcesBuildPhase section */
		4C7B79D723A8CA8700F7868E /* Sources */ = {
			isa = PBXSourcesBuildPhase;
			buildActionMask = 2147483647;
			files = (
				4C55F13E23BB36E5009F2834 /* sphere.cpp in Sources */,
				4C55F13B23BB35A1009F2834 /* hitable.cpp in Sources */,
				4C55F13823BB2C51009F2834 /* ray.cpp in Sources */,
				4C7B79DF23A8CA8700F7868E /* main.cpp in Sources */,
				4C55F13123BB161D009F2834 /* PPMUtil.cpp in Sources */,
				4C55F13523BB1A64009F2834 /* vec3.cpp in Sources */,
			);
			runOnlyForDeploymentPostprocessing = 0;
		};
/* End PBXSourcesBuildPhase section */

/* Begin XCBuildConfiguration section */
		4C7B79E023A8CA8700F7868E /* Debug */ = {
			isa = XCBuildConfiguration;
			buildSettings = {
				ALWAYS_SEARCH_USER_PATHS = NO;
				CLANG_ANALYZER_NONNULL = YES;
				CLANG_ANALYZER_NUMBER_OBJECT_CONVERSION = YES_AGGRESSIVE;
				CLANG_CXX_LANGUAGE_STANDARD = "gnu++14";
				CLANG_CXX_LIBRARY = "libc++";
				CLANG_ENABLE_MODULES = YES;
				CLANG_ENABLE_OBJC_ARC = YES;
				CLANG_ENABLE_OBJC_WEAK = YES;
				CLANG_WARN_BLOCK_CAPTURE_AUTORELEASING = YES;
				CLANG_WARN_BOOL_CONVERSION = YES;
				CLANG_WARN_COMMA = YES;
				CLANG_WARN_CONSTANT_CONVERSION = YES;
				CLANG_WARN_DEPRECATED_OBJC_IMPLEMENTATIONS = YES;
				CLANG_WARN_DIRECT_OBJC_ISA_USAGE = YES_ERROR;
				CLANG_WARN_DOCUMENTATION_COMMENTS = YES;
				CLANG_WARN_EMPTY_BODY = YES;
				CLANG_WARN_ENUM_CONVERSION = YES;
				CLANG_WARN_INFINITE_RECURSION = YES;
				CLANG_WARN_INT_CONVERSION = YES;
				CLANG_WARN_NON_LITERAL_NULL_CONVERSION = YES;
				CLANG_WARN_OBJC_IMPLICIT_RETAIN_SELF = YES;
				CLANG_WARN_OBJC_LITERAL_CONVERSION = YES;
				CLANG_WARN_OBJC_ROOT_CLASS = YES_ERROR;
				CLANG_WARN_RANGE_LOOP_ANALYSIS = YES;
				CLANG_WARN_STRICT_PROTOTYPES = YES;
				CLANG_WARN_SUSPICIOUS_MOVE = YES;
				CLANG_WARN_UNGUARDED_AVAILABILITY = YES_AGGRESSIVE;
				CLANG_WARN_UNREACHABLE_CODE = YES;
				CLANG_WARN__DUPLICATE_METHOD_MATCH = YES;
				CODE_SIGN_IDENTITY = "Mac Developer";
				COPY_PHASE_STRIP = NO;
				DEBUG_INFORMATION_FORMAT = dwarf;
				ENABLE_STRICT_OBJC_MSGSEND = YES;
				ENABLE_TESTABILITY = YES;
				GCC_C_LANGUAGE_STANDARD = gnu11;
				GCC_DYNAMIC_NO_PIC = NO;
				GCC_NO_COMMON_BLOCKS = YES;
				GCC_OPTIMIZATION_LEVEL = 0;
				GCC_PREPROCESSOR_DEFINITIONS = (
					"DEBUG=1",
					"$(inherited)",
				);
				GCC_WARN_64_TO_32_BIT_CONVERSION = YES;
				GCC_WARN_ABOUT_RETURN_TYPE = YES_ERROR;
				GCC_WARN_UNDECLARED_SELECTOR = YES;
				GCC_WARN_UNINITIALIZED_AUTOS = YES_AGGRESSIVE;
				GCC_WARN_UNUSED_FUNCTION = YES;
				GCC_WARN_UNUSED_VARIABLE = YES;
				MACOSX_DEPLOYMENT_TARGET = 10.13;
				MTL_ENABLE_DEBUG_INFO = INCLUDE_SOURCE;
				MTL_FAST_MATH = YES;
				ONLY_ACTIVE_ARCH = YES;
				SDKROOT = macosx;
			};
			name = Debug;
		};
		4C7B79E123A8CA8700F7868E /* Release */ = {
			isa = XCBuildConfiguration;
			buildSettings = {
				ALWAYS_SEARCH_USER_PATHS = NO;
				CLANG_ANALYZER_NONNULL = YES;
				CLANG_ANALYZER_NUMBER_OBJECT_CONVERSION = YES_AGGRESSIVE;
				CLANG_CXX_LANGUAGE_STANDARD = "gnu++14";
				CLANG_CXX_LIBRARY = "libc++";
				CLANG_ENABLE_MODULES = YES;
				CLANG_ENABLE_OBJC_ARC = YES;
				CLANG_ENABLE_OBJC_WEAK = YES;
				CLANG_WARN_BLOCK_CAPTURE_AUTORELEASING = YES;
				CLANG_WARN_BOOL_CONVERSION = YES;
				CLANG_WARN_COMMA = YES;
				CLANG_WARN_CONSTANT_CONVERSION = YES;
				CLANG_WARN_DEPRECATED_OBJC_IMPLEMENTATIONS = YES;
				CLANG_WARN_DIRECT_OBJC_ISA_USAGE = YES_ERROR;
				CLANG_WARN_DOCUMENTATION_COMMENTS = YES;
				CLANG_WARN_EMPTY_BODY = YES;
				CLANG_WARN_ENUM_CONVERSION = YES;
				CLANG_WARN_INFINITE_RECURSION = YES;
				CLANG_WARN_INT_CONVERSION = YES;
				CLANG_WARN_NON_LITERAL_NULL_CONVERSION = YES;
				CLANG_WARN_OBJC_IMPLICIT_RETAIN_SELF = YES;
				CLANG_WARN_OBJC_LITERAL_CONVERSION = YES;
				CLANG_WARN_OBJC_ROOT_CLASS = YES_ERROR;
				CLANG_WARN_RANGE_LOOP_ANALYSIS = YES;
				CLANG_WARN_STRICT_PROTOTYPES = YES;
				CLANG_WARN_SUSPICIOUS_MOVE = YES;
				CLANG_WARN_UNGUARDED_AVAILABILITY = YES_AGGRESSIVE;
				CLANG_WARN_UNREACHABLE_CODE = YES;
				CLANG_WARN__DUPLICATE_METHOD_MATCH = YES;
				CODE_SIGN_IDENTITY = "Mac Developer";
				COPY_PHASE_STRIP = NO;
				DEBUG_INFORMATION_FORMAT = "dwarf-with-dsym";
				ENABLE_NS_ASSERTIONS = NO;
				ENABLE_STRICT_OBJC_MSGSEND = YES;
				GCC_C_LANGUAGE_STANDARD = gnu11;
				GCC_NO_COMMON_BLOCKS = YES;
				GCC_WARN_64_TO_32_BIT_CONVERSION = YES;
				GCC_WARN_ABOUT_RETURN_TYPE = YES_ERROR;
				GCC_WARN_UNDECLARED_SELECTOR = YES;
				GCC_WARN_UNINITIALIZED_AUTOS = YES_AGGRESSIVE;
				GCC_WARN_UNUSED_FUNCTION = YES;
				GCC_WARN_UNUSED_VARIABLE = YES;
				MACOSX_DEPLOYMENT_TARGET = 10.13;
				MTL_ENABLE_DEBUG_INFO = NO;
				MTL_FAST_MATH = YES;
				SDKROOT = macosx;
			};
			name = Release;
		};
		4C7B79E323A8CA8700F7868E /* Debug */ = {
			isa = XCBuildConfiguration;
			buildSettings = {
				CODE_SIGN_STYLE = Automatic;
				DEVELOPMENT_TEAM = 8V28JKP6W6;
				PRODUCT_NAME = "$(TARGET_NAME)";
			};
			name = Debug;
		};
		4C7B79E423A8CA8700F7868E /* Release */ = {
			isa = XCBuildConfiguration;
			buildSettings = {
				CODE_SIGN_STYLE = Automatic;
				DEVELOPMENT_TEAM = 8V28JKP6W6;
				PRODUCT_NAME = "$(TARGET_NAME)";
			};
			name = Release;
		};
/* End XCBuildConfiguration section */

/* Begin XCConfigurationList section */
		4C7B79D623A8CA8700F7868E /* Build configuration list for PBXProject "RayTracingInAWeekend" */ = {
			isa = XCConfigurationList;
			buildConfigurations = (
				4C7B79E023A8CA8700F7868E /* Debug */,
				4C7B79E123A8CA8700F7868E /* Release */,
			);
			defaultConfigurationIsVisible = 0;
			defaultConfigurationName = Release;
		};
		4C7B79E223A8CA8700F7868E /* Build configuration list for PBXNativeTarget "RayTracingInAWeekend" */ = {
			isa = XCConfigurationList;
			buildConfigurations = (
				4C7B79E323A8CA8700F7868E /* Debug */,
				4C7B79E423A8CA8700F7868E /* Release */,
			);
			defaultConfigurationIsVisible = 0;
			defaultConfigurationName = Release;
		};
/* End XCConfigurationList section */
	};
	rootObject = 4C7B79D323A8CA8700F7868E /* Project object */;
}
